
Microsoft Visual Studio Solution File, Format Version 12.00
# Visual Studio Version 17
VisualStudioVersion = 17.10.35013.160
MinimumVisualStudioVersion = 10.0.40219.1
Project("{FAE04EC0-301F-11D3-BF4B-00C04F79EFBC}") = "BoxingUnboxing", "BoxingUnboxing.csproj", "{89CFCBC2-0B29-4F57-977A-25A4F588AF82}"
EndProject
Global
	GlobalSection(SolutionConfigurationPlatforms) = preSolution
		Debug|Any CPU = Debug|Any CPU
		Release|Any CPU = Release|Any CPU
	EndGlobalSection
	GlobalSection(ProjectConfigurationPlatforms) = postSolution
		{89CFCBC2-0B29-4F57-977A-25A4F588AF82}.Debug|Any CPU.ActiveCfg = Debug|Any CPU
		{89CFCBC2-0B29-4F57-977A-25A4F588AF82}.Debug|Any CPU.Build.0 = Debug|Any CPU
		{89CFCBC2-0B29-4F57-977A-25A4F588AF82}.Release|Any CPU.ActiveCfg = Release|Any CPU
		{89CFCBC2-0B29-4F57-977A-25A4F588AF82}.Release|Any CPU.Build.0 = Release|Any CPU
	EndGlobalSection
	GlobalSection(SolutionProperties) = preSolution
		HideSolutionNode = FALSE
	EndGlobalSection
	GlobalSection(ExtensibilityGlobals) = postSolution
		SolutionGuid = {691225FF-2B14-4DCD-A738-C250D5F88830}
	EndGlobalSection
EndGlobal
